# This file is automatically @generated by Cargo.
# It is not intended for manual editing.
version = 4

[[package]]
name = "kanitutorial"
version = "0.1.0"
dependencies = [
 "vector-map",
]

[[package]]
name = "vector-map"
version = "1.0.2"
source = "registry+https://github.com/rust-lang/crates.io-index"
checksum = "03b34e878e32c750bb4253be124adb9da1dc93ca5d98c210787badf1e1ccdca7"
